
Microsoft Visual Studio Solution File, Format Version 12.00
Project("{FAE04EC0-301F-11D3-BF4B-00C04F79EFBC}") = "PizzaShop", "PizzaShop\PizzaShop.csproj", "{2D6D1F12-74EB-4B45-A677-F94E18D56EC5}"
EndProject
Global
	GlobalSection(SolutionConfigurationPlatforms) = preSolution
		Debug|Any CPU = Debug|Any CPU
		Release|Any CPU = Release|Any CPU
	EndGlobalSection
	GlobalSection(ProjectConfigurationPlatforms) = postSolution
		{2D6D1F12-74EB-4B45-A677-F94E18D56EC5}.Debug|Any CPU.ActiveCfg = Debug|Any CPU
		{2D6D1F12-74EB-4B45-A677-F94E18D56EC5}.Debug|Any CPU.Build.0 = Debug|Any CPU
		{2D6D1F12-74EB-4B45-A677-F94E18D56EC5}.Release|Any CPU.ActiveCfg = Release|Any CPU
		{2D6D1F12-74EB-4B45-A677-F94E18D56EC5}.Release|Any CPU.Build.0 = Release|Any CPU
	EndGlobalSection
EndGlobal
